
Microsoft Visual Studio Solution File, Format Version 12.00
# Visual Studio Version 16
VisualStudioVersion = 16.0.31129.286
MinimumVisualStudioVersion = 10.0.40219.1
Project("{FAE04EC0-301F-11D3-BF4B-00C04F79EFBC}") = "ticTacToe", "ticTacToe.csproj", "{35002263-2977-4562-9ED7-B12E31660070}"
EndProject
Global
	GlobalSection(SolutionConfigurationPlatforms) = preSolution
		Debug|Any CPU = Debug|Any CPU
		Release|Any CPU = Release|Any CPU
	EndGlobalSection
	GlobalSection(ProjectConfigurationPlatforms) = postSolution
		{35002263-2977-4562-9ED7-B12E31660070}.Debug|Any CPU.ActiveCfg = Debug|Any CPU
		{35002263-2977-4562-9ED7-B12E31660070}.Debug|Any CPU.Build.0 = Debug|Any CPU
		{35002263-2977-4562-9ED7-B12E31660070}.Release|Any CPU.ActiveCfg = Release|Any CPU
		{35002263-2977-4562-9ED7-B12E31660070}.Release|Any CPU.Build.0 = Release|Any CPU
	EndGlobalSection
	GlobalSection(SolutionProperties) = preSolution
		HideSolutionNode = FALSE
	EndGlobalSection
	GlobalSection(ExtensibilityGlobals) = postSolution
		SolutionGuid = {7664235B-3328-4B95-AF9F-CC5CC61E2245}
	EndGlobalSection
EndGlobal
